
Microsoft Visual Studio Solution File, Format Version 12.00
# Visual Studio Version 16
VisualStudioVersion = 16.0.31624.102
MinimumVisualStudioVersion = 10.0.40219.1
Project("{FAE04EC0-301F-11D3-BF4B-00C04F79EFBC}") = "Prnt Scr Scraper", "Prnt Scr Scraper.csproj", "{3171B41E-BE78-4F67-8122-1A9853C000CE}"
EndProject
Global
	GlobalSection(SolutionConfigurationPlatforms) = preSolution
		Debug|Any CPU = Debug|Any CPU
		Release|Any CPU = Release|Any CPU
	EndGlobalSection
	GlobalSection(ProjectConfigurationPlatforms) = postSolution
		{3171B41E-BE78-4F67-8122-1A9853C000CE}.Debug|Any CPU.ActiveCfg = Debug|Any CPU
		{3171B41E-BE78-4F67-8122-1A9853C000CE}.Debug|Any CPU.Build.0 = Debug|Any CPU
		{3171B41E-BE78-4F67-8122-1A9853C000CE}.Release|Any CPU.ActiveCfg = Release|Any CPU
		{3171B41E-BE78-4F67-8122-1A9853C000CE}.Release|Any CPU.Build.0 = Release|Any CPU
	EndGlobalSection
	GlobalSection(SolutionProperties) = preSolution
		HideSolutionNode = FALSE
	EndGlobalSection
	GlobalSection(ExtensibilityGlobals) = postSolution
		SolutionGuid = {BAAF2055-D599-4FE0-BA7F-52DDB6690836}
	EndGlobalSection
EndGlobal
